// !$*UTF8*$!
{
	archiveVersion = 1;
	classes = {
	};
	objectVersion = 46;
	objects = {

/* Begin PBXBuildFile section */
		044DD4B00427D72855B4FE95 /* Pods_weatherhuntTests.framework in Frameworks */ = {isa = PBXBuildFile; fileRef = 0792B6076590F2A8DF29A29C /* Pods_weatherhuntTests.framework */; };
		1BBE50654C20395E4879A9CB /* Pods_weatherhunt.framework in Frameworks */ = {isa = PBXBuildFile; fileRef = AB4450AF9F0EF4A42A3ED26F /* Pods_weatherhunt.framework */; };
		B509756A1E1841D00009C4A8 /* Reachability.swift in Sources */ = {isa = PBXBuildFile; fileRef = B50975691E1841D00009C4A8 /* Reachability.swift */; };
		B51D62E71E05C21B0076A089 /* DailyWeather.swift in Sources */ = {isa = PBXBuildFile; fileRef = B51DA4D71E05BD7200FE6255 /* DailyWeather.swift */; };
		B51D63041E062D070076A089 /* WeatherAnnotationTests.swift in Sources */ = {isa = PBXBuildFile; fileRef = B51D63031E062D070076A089 /* WeatherAnnotationTests.swift */; };
		B51DA4D11E04900000FE6255 /* Forecast.swift in Sources */ = {isa = PBXBuildFile; fileRef = B51DA4D01E04900000FE6255 /* Forecast.swift */; };
		B51DA4D21E04900000FE6255 /* Forecast.swift in Sources */ = {isa = PBXBuildFile; fileRef = B51DA4D01E04900000FE6255 /* Forecast.swift */; };
		B51DA4D41E0498BC00FE6255 /* ForecastTests.swift in Sources */ = {isa = PBXBuildFile; fileRef = B51DA4D31E0498BC00FE6255 /* ForecastTests.swift */; };
		B51DA4D61E049DA700FE6255 /* weatherProxyTestFixture.json in Resources */ = {isa = PBXBuildFile; fileRef = B51DA4D51E049DA700FE6255 /* weatherProxyTestFixture.json */; };
		B51DA4D81E05BD7200FE6255 /* DailyWeather.swift in Sources */ = {isa = PBXBuildFile; fileRef = B51DA4D71E05BD7200FE6255 /* DailyWeather.swift */; };
		B538DD751E1737E000036DD4 /* weatherProxyEmptyTestFixture.json in Resources */ = {isa = PBXBuildFile; fileRef = B55339981E173758000FC2B6 /* weatherProxyEmptyTestFixture.json */; };
		B55339951E16DBE0000FC2B6 /* InfoViewController.swift in Sources */ = {isa = PBXBuildFile; fileRef = B55339941E16DBE0000FC2B6 /* InfoViewController.swift */; };
		B557904A1E216D4500086DED /* Secret.plist in Resources */ = {isa = PBXBuildFile; fileRef = B55790491E216D4500086DED /* Secret.plist */; };
		B557904C1E21AE7C00086DED /* WeatherAnnotationView.swift in Sources */ = {isa = PBXBuildFile; fileRef = B557904B1E21AE7C00086DED /* WeatherAnnotationView.swift */; };
		B58017841E1AEA47006C3279 /* Launch Screen.xib in Resources */ = {isa = PBXBuildFile; fileRef = B58017831E1AEA47006C3279 /* Launch Screen.xib */; };
		B58017861E1AEE8C006C3279 /* GoogleService-Info.plist in Resources */ = {isa = PBXBuildFile; fileRef = B58017851E1AEE8C006C3279 /* GoogleService-Info.plist */; };
		B58017891E1AFD99006C3279 /* Analytics.swift in Sources */ = {isa = PBXBuildFile; fileRef = B58017881E1AFD99006C3279 /* Analytics.swift */; };
		B5B2FBF41E14CFC60030875D /* LoadingSubview.swift in Sources */ = {isa = PBXBuildFile; fileRef = B5B2FBF31E14CFC60030875D /* LoadingSubview.swift */; };
		B5B2FBF61E15ABD70030875D /* WeatherAnnotation.swift in Sources */ = {isa = PBXBuildFile; fileRef = B5B2FBF51E15ABD70030875D /* WeatherAnnotation.swift */; };
		B5B2FBF71E15ADCC0030875D /* WeatherAnnotation.swift in Sources */ = {isa = PBXBuildFile; fileRef = B5B2FBF51E15ABD70030875D /* WeatherAnnotation.swift */; };
		B5EFA4DD1DF29FA700C313F9 /* AppDelegate.swift in Sources */ = {isa = PBXBuildFile; fileRef = B5EFA4DC1DF29FA700C313F9 /* AppDelegate.swift */; };
		B5EFA4DF1DF29FA700C313F9 /* ViewController.swift in Sources */ = {isa = PBXBuildFile; fileRef = B5EFA4DE1DF29FA700C313F9 /* ViewController.swift */; };
		B5EFA4E21DF29FA700C313F9 /* Main.storyboard in Resources */ = {isa = PBXBuildFile; fileRef = B5EFA4E01DF29FA700C313F9 /* Main.storyboard */; };
		B5EFA4E41DF29FA700C313F9 /* Assets.xcassets in Resources */ = {isa = PBXBuildFile; fileRef = B5EFA4E31DF29FA700C313F9 /* Assets.xcassets */; };
		B5EFA4E71DF29FA700C313F9 /* LaunchScreen.storyboard in Resources */ = {isa = PBXBuildFile; fileRef = B5EFA4E51DF29FA700C313F9 /* LaunchScreen.storyboard */; };
		B5EFA4F21DF29FA800C313F9 /* weatherhuntTests.swift in Sources */ = {isa = PBXBuildFile; fileRef = B5EFA4F11DF29FA800C313F9 /* weatherhuntTests.swift */; };
		B5EFA4FD1DF29FA800C313F9 /* weatherhuntUITests.swift in Sources */ = {isa = PBXBuildFile; fileRef = B5EFA4FC1DF29FA800C313F9 /* weatherhuntUITests.swift */; };
		B5EFA50B1DF2A65300C313F9 /* WeatherProxy.swift in Sources */ = {isa = PBXBuildFile; fileRef = B5EFA50A1DF2A65300C313F9 /* WeatherProxy.swift */; };
		C908A191AE9F79DB71C71B66 /* Pods_weatherhuntUITests.framework in Frameworks */ = {isa = PBXBuildFile; fileRef = 028EBDFC7231E05B15288E3F /* Pods_weatherhuntUITests.framework */; };
/* End PBXBuildFile section */

/* Begin PBXContainerItemProxy section */
		B5EFA4EE1DF29FA800C313F9 /* PBXContainerItemProxy */ = {
			isa = PBXContainerItemProxy;
			containerPortal = B5EFA4D11DF29FA700C313F9 /* Project object */;
			proxyType = 1;
			remoteGlobalIDString = B5EFA4D81DF29FA700C313F9;
			remoteInfo = weatherhunt;
		};
		B5EFA4F91DF29FA800C313F9 /* PBXContainerItemProxy */ = {
			isa = PBXContainerItemProxy;
			containerPortal = B5EFA4D11DF29FA700C313F9 /* Project object */;
			proxyType = 1;
			remoteGlobalIDString = B5EFA4D81DF29FA700C313F9;
			remoteInfo = weatherhunt;
		};
/* End PBXContainerItemProxy section */

/* Begin PBXFileReference section */
		028EBDFC7231E05B15288E3F /* Pods_weatherhuntUITests.framework */ = {isa = PBXFileReference; explicitFileType = wrapper.framework; includeInIndex = 0; path = Pods_weatherhuntUITests.framework; sourceTree = BUILT_PRODUCTS_DIR; };
		0792B6076590F2A8DF29A29C /* Pods_weatherhuntTests.framework */ = {isa = PBXFileReference; explicitFileType = wrapper.framework; includeInIndex = 0; path = Pods_weatherhuntTests.framework; sourceTree = BUILT_PRODUCTS_DIR; };
		09A89783DC75F633F41C8E1E /* Pods-weatherhuntUITests.release.xcconfig */ = {isa = PBXFileReference; includeInIndex = 1; lastKnownFileType = text.xcconfig; name = "Pods-weatherhuntUITests.release.xcconfig"; path = "Pods/Target Support Files/Pods-weatherhuntUITests/Pods-weatherhuntUITests.release.xcconfig"; sourceTree = "<group>"; };
		11583FAAE84A51D6EA4E141B /* Pods-weatherhuntTests.release.xcconfig */ = {isa = PBXFileReference; includeInIndex = 1; lastKnownFileType = text.xcconfig; name = "Pods-weatherhuntTests.release.xcconfig"; path = "Pods/Target Support Files/Pods-weatherhuntTests/Pods-weatherhuntTests.release.xcconfig"; sourceTree = "<group>"; };
		19F96DEC8B4E6764224E183E /* Pods-weatherhunt.release.xcconfig */ = {isa = PBXFileReference; includeInIndex = 1; lastKnownFileType = text.xcconfig; name = "Pods-weatherhunt.release.xcconfig"; path = "Pods/Target Support Files/Pods-weatherhunt/Pods-weatherhunt.release.xcconfig"; sourceTree = "<group>"; };
		21FB9786E327610B2D9544B9 /* Pods-weatherhuntTests.debug.xcconfig */ = {isa = PBXFileReference; includeInIndex = 1; lastKnownFileType = text.xcconfig; name = "Pods-weatherhuntTests.debug.xcconfig"; path = "Pods/Target Support Files/Pods-weatherhuntTests/Pods-weatherhuntTests.debug.xcconfig"; sourceTree = "<group>"; };
		263525482BE5BBC7DC315288 /* Pods-weatherhunt.debug.xcconfig */ = {isa = PBXFileReference; includeInIndex = 1; lastKnownFileType = text.xcconfig; name = "Pods-weatherhunt.debug.xcconfig"; path = "Pods/Target Support Files/Pods-weatherhunt/Pods-weatherhunt.debug.xcconfig"; sourceTree = "<group>"; };
		8022D91F013E21F936E02439 /* Pods-weatherhuntUITests.debug.xcconfig */ = {isa = PBXFileReference; includeInIndex = 1; lastKnownFileType = text.xcconfig; name = "Pods-weatherhuntUITests.debug.xcconfig"; path = "Pods/Target Support Files/Pods-weatherhuntUITests/Pods-weatherhuntUITests.debug.xcconfig"; sourceTree = "<group>"; };
		AB4450AF9F0EF4A42A3ED26F /* Pods_weatherhunt.framework */ = {isa = PBXFileReference; explicitFileType = wrapper.framework; includeInIndex = 0; path = Pods_weatherhunt.framework; sourceTree = BUILT_PRODUCTS_DIR; };
		B50975691E1841D00009C4A8 /* Reachability.swift */ = {isa = PBXFileReference; fileEncoding = 4; lastKnownFileType = sourcecode.swift; path = Reachability.swift; sourceTree = "<group>"; };
		B51D63031E062D070076A089 /* WeatherAnnotationTests.swift */ = {isa = PBXFileReference; fileEncoding = 4; lastKnownFileType = sourcecode.swift; path = WeatherAnnotationTests.swift; sourceTree = "<group>"; };
		B51DA4D01E04900000FE6255 /* Forecast.swift */ = {isa = PBXFileReference; fileEncoding = 4; lastKnownFileType = sourcecode.swift; path = Forecast.swift; sourceTree = "<group>"; };
		B51DA4D31E0498BC00FE6255 /* ForecastTests.swift */ = {isa = PBXFileReference; fileEncoding = 4; lastKnownFileType = sourcecode.swift; path = ForecastTests.swift; sourceTree = "<group>"; };
		B51DA4D51E049DA700FE6255 /* weatherProxyTestFixture.json */ = {isa = PBXFileReference; fileEncoding = 4; lastKnownFileType = text.json; path = weatherProxyTestFixture.json; sourceTree = "<group>"; };
		B51DA4D71E05BD7200FE6255 /* DailyWeather.swift */ = {isa = PBXFileReference; fileEncoding = 4; lastKnownFileType = sourcecode.swift; path = DailyWeather.swift; sourceTree = "<group>"; };
		B55339941E16DBE0000FC2B6 /* InfoViewController.swift */ = {isa = PBXFileReference; fileEncoding = 4; lastKnownFileType = sourcecode.swift; path = InfoViewController.swift; sourceTree = "<group>"; };
		B55339981E173758000FC2B6 /* weatherProxyEmptyTestFixture.json */ = {isa = PBXFileReference; fileEncoding = 4; lastKnownFileType = text.json; path = weatherProxyEmptyTestFixture.json; sourceTree = "<group>"; };
		B55790491E216D4500086DED /* Secret.plist */ = {isa = PBXFileReference; fileEncoding = 4; lastKnownFileType = text.plist.xml; path = Secret.plist; sourceTree = "<group>"; };
		B557904B1E21AE7C00086DED /* WeatherAnnotationView.swift */ = {isa = PBXFileReference; fileEncoding = 4; lastKnownFileType = sourcecode.swift; path = WeatherAnnotationView.swift; sourceTree = "<group>"; };
		B58017831E1AEA47006C3279 /* Launch Screen.xib */ = {isa = PBXFileReference; fileEncoding = 4; lastKnownFileType = file.xib; path = "Launch Screen.xib"; sourceTree = "<group>"; };
		B58017851E1AEE8C006C3279 /* GoogleService-Info.plist */ = {isa = PBXFileReference; fileEncoding = 4; lastKnownFileType = text.plist.xml; path = "GoogleService-Info.plist"; sourceTree = "<group>"; };
		B58017871E1AEF44006C3279 /* BridgingHeader.h */ = {isa = PBXFileReference; fileEncoding = 4; lastKnownFileType = sourcecode.c.h; path = BridgingHeader.h; sourceTree = "<group>"; };
		B58017881E1AFD99006C3279 /* Analytics.swift */ = {isa = PBXFileReference; fileEncoding = 4; lastKnownFileType = sourcecode.swift; path = Analytics.swift; sourceTree = "<group>"; };
		B5B2FBF31E14CFC60030875D /* LoadingSubview.swift */ = {isa = PBXFileReference; fileEncoding = 4; lastKnownFileType = sourcecode.swift; path = LoadingSubview.swift; sourceTree = "<group>"; };
		B5B2FBF51E15ABD70030875D /* WeatherAnnotation.swift */ = {isa = PBXFileReference; fileEncoding = 4; lastKnownFileType = sourcecode.swift; path = WeatherAnnotation.swift; sourceTree = "<group>"; };
		B5EFA4D91DF29FA700C313F9 /* weatherhunt.app */ = {isa = PBXFileReference; explicitFileType = wrapper.application; includeInIndex = 0; path = weatherhunt.app; sourceTree = BUILT_PRODUCTS_DIR; };
		B5EFA4DC1DF29FA700C313F9 /* AppDelegate.swift */ = {isa = PBXFileReference; lastKnownFileType = sourcecode.swift; path = AppDelegate.swift; sourceTree = "<group>"; };
		B5EFA4DE1DF29FA700C313F9 /* ViewController.swift */ = {isa = PBXFileReference; lastKnownFileType = sourcecode.swift; path = ViewController.swift; sourceTree = "<group>"; };
		B5EFA4E11DF29FA700C313F9 /* Base */ = {isa = PBXFileReference; lastKnownFileType = file.storyboard; name = Base; path = Base.lproj/Main.storyboard; sourceTree = "<group>"; };
		B5EFA4E31DF29FA700C313F9 /* Assets.xcassets */ = {isa = PBXFileReference; lastKnownFileType = folder.assetcatalog; path = Assets.xcassets; sourceTree = "<group>"; };
		B5EFA4E61DF29FA700C313F9 /* Base */ = {isa = PBXFileReference; lastKnownFileType = file.storyboard; name = Base; path = Base.lproj/LaunchScreen.storyboard; sourceTree = "<group>"; };
		B5EFA4E81DF29FA700C313F9 /* Info.plist */ = {isa = PBXFileReference; lastKnownFileType = text.plist.xml; path = Info.plist; sourceTree = "<group>"; };
		B5EFA4ED1DF29FA800C313F9 /* weatherhuntTests.xctest */ = {isa = PBXFileReference; explicitFileType = wrapper.cfbundle; includeInIndex = 0; path = weatherhuntTests.xctest; sourceTree = BUILT_PRODUCTS_DIR; };
		B5EFA4F11DF29FA800C313F9 /* weatherhuntTests.swift */ = {isa = PBXFileReference; lastKnownFileType = sourcecode.swift; path = weatherhuntTests.swift; sourceTree = "<group>"; };
		B5EFA4F31DF29FA800C313F9 /* Info.plist */ = {isa = PBXFileReference; lastKnownFileType = text.plist.xml; path = Info.plist; sourceTree = "<group>"; };
		B5EFA4F81DF29FA800C313F9 /* weatherhuntUITests.xctest */ = {isa = PBXFileReference; explicitFileType = wrapper.cfbundle; includeInIndex = 0; path = weatherhuntUITests.xctest; sourceTree = BUILT_PRODUCTS_DIR; };
		B5EFA4FC1DF29FA800C313F9 /* weatherhuntUITests.swift */ = {isa = PBXFileReference; lastKnownFileType = sourcecode.swift; path = weatherhuntUITests.swift; sourceTree = "<group>"; };
		B5EFA4FE1DF29FA800C313F9 /* Info.plist */ = {isa = PBXFileReference; lastKnownFileType = text.plist.xml; path = Info.plist; sourceTree = "<group>"; };
		B5EFA50A1DF2A65300C313F9 /* WeatherProxy.swift */ = {isa = PBXFileReference; fileEncoding = 4; lastKnownFileType = sourcecode.swift; path = WeatherProxy.swift; sourceTree = "<group>"; };
/* End PBXFileReference section */

/* Begin PBXFrameworksBuildPhase section */
		B5EFA4D61DF29FA700C313F9 /* Frameworks */ = {
			isa = PBXFrameworksBuildPhase;
			buildActionMask = 2147483647;
			files = (
				1BBE50654C20395E4879A9CB /* Pods_weatherhunt.framework in Frameworks */,
			);
			runOnlyForDeploymentPostprocessing = 0;
		};
		B5EFA4EA1DF29FA800C313F9 /* Frameworks */ = {
			isa = PBXFrameworksBuildPhase;
			buildActionMask = 2147483647;
			files = (
				044DD4B00427D72855B4FE95 /* Pods_weatherhuntTests.framework in Frameworks */,
			);
			runOnlyForDeploymentPostprocessing = 0;
		};
		B5EFA4F51DF29FA800C313F9 /* Frameworks */ = {
			isa = PBXFrameworksBuildPhase;
			buildActionMask = 2147483647;
			files = (
				C908A191AE9F79DB71C71B66 /* Pods_weatherhuntUITests.framework in Frameworks */,
			);
			runOnlyForDeploymentPostprocessing = 0;
		};
/* End PBXFrameworksBuildPhase section */

/* Begin PBXGroup section */
		14E17B606852F31CEE6130ED /* Pods */ = {
			isa = PBXGroup;
			children = (
				263525482BE5BBC7DC315288 /* Pods-weatherhunt.debug.xcconfig */,
				19F96DEC8B4E6764224E183E /* Pods-weatherhunt.release.xcconfig */,
				21FB9786E327610B2D9544B9 /* Pods-weatherhuntTests.debug.xcconfig */,
				11583FAAE84A51D6EA4E141B /* Pods-weatherhuntTests.release.xcconfig */,
				8022D91F013E21F936E02439 /* Pods-weatherhuntUITests.debug.xcconfig */,
				09A89783DC75F633F41C8E1E /* Pods-weatherhuntUITests.release.xcconfig */,
			);
			name = Pods;
			sourceTree = "<group>";
		};
		8BA19D7D12096734D15706D5 /* Frameworks */ = {
			isa = PBXGroup;
			children = (
				AB4450AF9F0EF4A42A3ED26F /* Pods_weatherhunt.framework */,
				0792B6076590F2A8DF29A29C /* Pods_weatherhuntTests.framework */,
				028EBDFC7231E05B15288E3F /* Pods_weatherhuntUITests.framework */,
			);
			name = Frameworks;
			sourceTree = "<group>";
		};
		B5EFA4D01DF29FA700C313F9 = {
			isa = PBXGroup;
			children = (
				B5EFA4DB1DF29FA700C313F9 /* weatherhunt */,
				B5EFA4F01DF29FA800C313F9 /* weatherhuntTests */,
				B5EFA4FB1DF29FA800C313F9 /* weatherhuntUITests */,
				B5EFA4DA1DF29FA700C313F9 /* Products */,
				14E17B606852F31CEE6130ED /* Pods */,
				8BA19D7D12096734D15706D5 /* Frameworks */,
			);
			sourceTree = "<group>";
		};
		B5EFA4DA1DF29FA700C313F9 /* Products */ = {
			isa = PBXGroup;
			children = (
				B5EFA4D91DF29FA700C313F9 /* weatherhunt.app */,
				B5EFA4ED1DF29FA800C313F9 /* weatherhuntTests.xctest */,
				B5EFA4F81DF29FA800C313F9 /* weatherhuntUITests.xctest */,
			);
			name = Products;
			sourceTree = "<group>";
		};
		B5EFA4DB1DF29FA700C313F9 /* weatherhunt */ = {
			isa = PBXGroup;
			children = (
				B58017851E1AEE8C006C3279 /* GoogleService-Info.plist */,
				B58017871E1AEF44006C3279 /* BridgingHeader.h */,
				B5EFA4DC1DF29FA700C313F9 /* AppDelegate.swift */,
				B5EFA4DE1DF29FA700C313F9 /* ViewController.swift */,
				B5EFA4E01DF29FA700C313F9 /* Main.storyboard */,
				B5EFA4E31DF29FA700C313F9 /* Assets.xcassets */,
				B58017831E1AEA47006C3279 /* Launch Screen.xib */,
				B5EFA4E51DF29FA700C313F9 /* LaunchScreen.storyboard */,
				B5EFA4E81DF29FA700C313F9 /* Info.plist */,
				B55790491E216D4500086DED /* Secret.plist */,
				B5EFA50A1DF2A65300C313F9 /* WeatherProxy.swift */,
				B5B2FBF51E15ABD70030875D /* WeatherAnnotation.swift */,
				B51DA4D01E04900000FE6255 /* Forecast.swift */,
				B51DA4D71E05BD7200FE6255 /* DailyWeather.swift */,
				B5B2FBF31E14CFC60030875D /* LoadingSubview.swift */,
				B55339941E16DBE0000FC2B6 /* InfoViewController.swift */,
				B50975691E1841D00009C4A8 /* Reachability.swift */,
				B58017881E1AFD99006C3279 /* Analytics.swift */,
				B557904B1E21AE7C00086DED /* WeatherAnnotationView.swift */,
			);
			path = weatherhunt;
			sourceTree = "<group>";
		};
		B5EFA4F01DF29FA800C313F9 /* weatherhuntTests */ = {
			isa = PBXGroup;
			children = (
				B55339981E173758000FC2B6 /* weatherProxyEmptyTestFixture.json */,
				B5EFA4F11DF29FA800C313F9 /* weatherhuntTests.swift */,
				B5EFA4F31DF29FA800C313F9 /* Info.plist */,
				B51DA4D31E0498BC00FE6255 /* ForecastTests.swift */,
				B51DA4D51E049DA700FE6255 /* weatherProxyTestFixture.json */,
				B51D63031E062D070076A089 /* WeatherAnnotationTests.swift */,
			);
			path = weatherhuntTests;
			sourceTree = "<group>";
		};
		B5EFA4FB1DF29FA800C313F9 /* weatherhuntUITests */ = {
			isa = PBXGroup;
			children = (
				B5EFA4FC1DF29FA800C313F9 /* weatherhuntUITests.swift */,
				B5EFA4FE1DF29FA800C313F9 /* Info.plist */,
			);
			path = weatherhuntUITests;
			sourceTree = "<group>";
		};
/* End PBXGroup section */

/* Begin PBXNativeTarget section */
		B5EFA4D81DF29FA700C313F9 /* weatherhunt */ = {
			isa = PBXNativeTarget;
			buildConfigurationList = B5EFA5011DF29FA800C313F9 /* Build configuration list for PBXNativeTarget "weatherhunt" */;
			buildPhases = (
				3507759B3455D6BBAC5725D1 /* [CP] Check Pods Manifest.lock */,
				B5EFA4D51DF29FA700C313F9 /* Sources */,
				B5EFA4D61DF29FA700C313F9 /* Frameworks */,
				B5EFA4D71DF29FA700C313F9 /* Resources */,
				528D84DBB5C471ECAEC44862 /* [CP] Embed Pods Frameworks */,
				50C6D42C1DEB92061121DD85 /* [CP] Copy Pods Resources */,
			);
			buildRules = (
			);
			dependencies = (
			);
			name = weatherhunt;
			productName = weatherhunt;
			productReference = B5EFA4D91DF29FA700C313F9 /* weatherhunt.app */;
			productType = "com.apple.product-type.application";
		};
		B5EFA4EC1DF29FA800C313F9 /* weatherhuntTests */ = {
			isa = PBXNativeTarget;
			buildConfigurationList = B5EFA5041DF29FA800C313F9 /* Build configuration list for PBXNativeTarget "weatherhuntTests" */;
			buildPhases = (
				19971E3A005158ECA1B90DCA /* [CP] Check Pods Manifest.lock */,
				B5EFA4E91DF29FA800C313F9 /* Sources */,
				B5EFA4EA1DF29FA800C313F9 /* Frameworks */,
				B5EFA4EB1DF29FA800C313F9 /* Resources */,
				C91335E68741FA0305F30983 /* [CP] Embed Pods Frameworks */,
				6752F7D6CBF06E44A5FA2C78 /* [CP] Copy Pods Resources */,
			);
			buildRules = (
			);
			dependencies = (
				B5EFA4EF1DF29FA800C313F9 /* PBXTargetDependency */,
			);
			name = weatherhuntTests;
			productName = weatherhuntTests;
			productReference = B5EFA4ED1DF29FA800C313F9 /* weatherhuntTests.xctest */;
			productType = "com.apple.product-type.bundle.unit-test";
		};
		B5EFA4F71DF29FA800C313F9 /* weatherhuntUITests */ = {
			isa = PBXNativeTarget;
			buildConfigurationList = B5EFA5071DF29FA800C313F9 /* Build configuration list for PBXNativeTarget "weatherhuntUITests" */;
			buildPhases = (
				8C926FEBC3C931012997C1EF /* [CP] Check Pods Manifest.lock */,
				B5EFA4F41DF29FA800C313F9 /* Sources */,
				B5EFA4F51DF29FA800C313F9 /* Frameworks */,
				B5EFA4F61DF29FA800C313F9 /* Resources */,
				274E7EADA429F5A32B04592E /* [CP] Embed Pods Frameworks */,
				5FFD9FEDF35EF4A7060376CB /* [CP] Copy Pods Resources */,
			);
			buildRules = (
			);
			dependencies = (
				B5EFA4FA1DF29FA800C313F9 /* PBXTargetDependency */,
			);
			name = weatherhuntUITests;
			productName = weatherhuntUITests;
			productReference = B5EFA4F81DF29FA800C313F9 /* weatherhuntUITests.xctest */;
			productType = "com.apple.product-type.bundle.ui-testing";
		};
/* End PBXNativeTarget section */

/* Begin PBXProject section */
		B5EFA4D11DF29FA700C313F9 /* Project object */ = {
			isa = PBXProject;
			attributes = {
				LastSwiftUpdateCheck = 0810;
				LastUpgradeCheck = 0820;
				ORGANIZATIONNAME = "Danny Varner";
				TargetAttributes = {
					B5EFA4D81DF29FA700C313F9 = {
						CreatedOnToolsVersion = 8.1;
						DevelopmentTeam = WH8UR4YUC6;
						ProvisioningStyle = Automatic;
					};
					B5EFA4EC1DF29FA800C313F9 = {
						CreatedOnToolsVersion = 8.1;
						DevelopmentTeam = WH8UR4YUC6;
						ProvisioningStyle = Automatic;
						TestTargetID = B5EFA4D81DF29FA700C313F9;
					};
					B5EFA4F71DF29FA800C313F9 = {
						CreatedOnToolsVersion = 8.1;
						DevelopmentTeam = WH8UR4YUC6;
						ProvisioningStyle = Automatic;
						TestTargetID = B5EFA4D81DF29FA700C313F9;
					};
				};
			};
			buildConfigurationList = B5EFA4D41DF29FA700C313F9 /* Build configuration list for PBXProject "weatherhunt" */;
			compatibilityVersion = "Xcode 3.2";
			developmentRegion = English;
			hasScannedForEncodings = 0;
			knownRegions = (
				en,
				Base,
			);
			mainGroup = B5EFA4D01DF29FA700C313F9;
			productRefGroup = B5EFA4DA1DF29FA700C313F9 /* Products */;
			projectDirPath = "";
			projectRoot = "";
			targets = (
				B5EFA4D81DF29FA700C313F9 /* weatherhunt */,
				B5EFA4EC1DF29FA800C313F9 /* weatherhuntTests */,
				B5EFA4F71DF29FA800C313F9 /* weatherhuntUITests */,
			);
		};
/* End PBXProject section */

/* Begin PBXResourcesBuildPhase section */
		B5EFA4D71DF29FA700C313F9 /* Resources */ = {
			isa = PBXResourcesBuildPhase;
			buildActionMask = 2147483647;
			files = (
				B5EFA4E71DF29FA700C313F9 /* LaunchScreen.storyboard in Resources */,
				B58017841E1AEA47006C3279 /* Launch Screen.xib in Resources */,
				B557904A1E216D4500086DED /* Secret.plist in Resources */,
				B58017861E1AEE8C006C3279 /* GoogleService-Info.plist in Resources */,
				B5EFA4E41DF29FA700C313F9 /* Assets.xcassets in Resources */,
				B5EFA4E21DF29FA700C313F9 /* Main.storyboard in Resources */,
			);
			runOnlyForDeploymentPostprocessing = 0;
		};
		B5EFA4EB1DF29FA800C313F9 /* Resources */ = {
			isa = PBXResourcesBuildPhase;
			buildActionMask = 2147483647;
			files = (
				B538DD751E1737E000036DD4 /* weatherProxyEmptyTestFixture.json in Resources */,
				B51DA4D61E049DA700FE6255 /* weatherProxyTestFixture.json in Resources */,
			);
			runOnlyForDeploymentPostprocessing = 0;
		};
		B5EFA4F61DF29FA800C313F9 /* Resources */ = {
			isa = PBXResourcesBuildPhase;
			buildActionMask = 2147483647;
			files = (
			);
			runOnlyForDeploymentPostprocessing = 0;
		};
/* End PBXResourcesBuildPhase section */

/* Begin PBXShellScriptBuildPhase section */
		19971E3A005158ECA1B90DCA /* [CP] Check Pods Manifest.lock */ = {
			isa = PBXShellScriptBuildPhase;
			buildActionMask = 2147483647;
			files = (
			);
			inputPaths = (
			);
			name = "[CP] Check Pods Manifest.lock";
			outputPaths = (
			);
			runOnlyForDeploymentPostprocessing = 0;
			shellPath = /bin/sh;
			shellScript = "diff \"${PODS_ROOT}/../Podfile.lock\" \"${PODS_ROOT}/Manifest.lock\" > /dev/null\nif [ $? != 0 ] ; then\n    # print error to STDERR\n    echo \"error: The sandbox is not in sync with the Podfile.lock. Run 'pod install' or update your CocoaPods installation.\" >&2\n    exit 1\nfi\n";
			showEnvVarsInLog = 0;
		};
		274E7EADA429F5A32B04592E /* [CP] Embed Pods Frameworks */ = {
			isa = PBXShellScriptBuildPhase;
			buildActionMask = 2147483647;
			files = (
			);
			inputPaths = (
			);
			name = "[CP] Embed Pods Frameworks";
			outputPaths = (
			);
			runOnlyForDeploymentPostprocessing = 0;
			shellPath = /bin/sh;
			shellScript = "\"${SRCROOT}/Pods/Target Support Files/Pods-weatherhuntUITests/Pods-weatherhuntUITests-frameworks.sh\"\n";
			showEnvVarsInLog = 0;
		};
		3507759B3455D6BBAC5725D1 /* [CP] Check Pods Manifest.lock */ = {
			isa = PBXShellScriptBuildPhase;
			buildActionMask = 2147483647;
			files = (
			);
			inputPaths = (
			);
			name = "[CP] Check Pods Manifest.lock";
			outputPaths = (
			);
			runOnlyForDeploymentPostprocessing = 0;
			shellPath = /bin/sh;
			shellScript = "diff \"${PODS_ROOT}/../Podfile.lock\" \"${PODS_ROOT}/Manifest.lock\" > /dev/null\nif [ $? != 0 ] ; then\n    # print error to STDERR\n    echo \"error: The sandbox is not in sync with the Podfile.lock. Run 'pod install' or update your CocoaPods installation.\" >&2\n    exit 1\nfi\n";
			showEnvVarsInLog = 0;
		};
		50C6D42C1DEB92061121DD85 /* [CP] Copy Pods Resources */ = {
			isa = PBXShellScriptBuildPhase;
			buildActionMask = 2147483647;
			files = (
			);
			inputPaths = (
			);
			name = "[CP] Copy Pods Resources";
			outputPaths = (
			);
			runOnlyForDeploymentPostprocessing = 0;
			shellPath = /bin/sh;
			shellScript = "\"${SRCROOT}/Pods/Target Support Files/Pods-weatherhunt/Pods-weatherhunt-resources.sh\"\n";
			showEnvVarsInLog = 0;
		};
		528D84DBB5C471ECAEC44862 /* [CP] Embed Pods Frameworks */ = {
			isa = PBXShellScriptBuildPhase;
			buildActionMask = 2147483647;
			files = (
			);
			inputPaths = (
			);
			name = "[CP] Embed Pods Frameworks";
			outputPaths = (
			);
			runOnlyForDeploymentPostprocessing = 0;
			shellPath = /bin/sh;
			shellScript = "\"${SRCROOT}/Pods/Target Support Files/Pods-weatherhunt/Pods-weatherhunt-frameworks.sh\"\n";
			showEnvVarsInLog = 0;
		};
		5FFD9FEDF35EF4A7060376CB /* [CP] Copy Pods Resources */ = {
			isa = PBXShellScriptBuildPhase;
			buildActionMask = 2147483647;
			files = (
			);
			inputPaths = (
			);
			name = "[CP] Copy Pods Resources";
			outputPaths = (
			);
			runOnlyForDeploymentPostprocessing = 0;
			shellPath = /bin/sh;
			shellScript = "\"${SRCROOT}/Pods/Target Support Files/Pods-weatherhuntUITests/Pods-weatherhuntUITests-resources.sh\"\n";
			showEnvVarsInLog = 0;
		};
		6752F7D6CBF06E44A5FA2C78 /* [CP] Copy Pods Resources */ = {
			isa = PBXShellScriptBuildPhase;
			buildActionMask = 2147483647;
			files = (
			);
			inputPaths = (
			);
			name = "[CP] Copy Pods Resources";
			outputPaths = (
			);
			runOnlyForDeploymentPostprocessing = 0;
			shellPath = /bin/sh;
			shellScript = "\"${SRCROOT}/Pods/Target Support Files/Pods-weatherhuntTests/Pods-weatherhuntTests-resources.sh\"\n";
			showEnvVarsInLog = 0;
		};
		8C926FEBC3C931012997C1EF /* [CP] Check Pods Manifest.lock */ = {
			isa = PBXShellScriptBuildPhase;
			buildActionMask = 2147483647;
			files = (
			);
			inputPaths = (
			);
			name = "[CP] Check Pods Manifest.lock";
			outputPaths = (
			);
			runOnlyForDeploymentPostprocessing = 0;
			shellPath = /bin/sh;
			shellScript = "diff \"${PODS_ROOT}/../Podfile.lock\" \"${PODS_ROOT}/Manifest.lock\" > /dev/null\nif [ $? != 0 ] ; then\n    # print error to STDERR\n    echo \"error: The sandbox is not in sync with the Podfile.lock. Run 'pod install' or update your CocoaPods installation.\" >&2\n    exit 1\nfi\n";
			showEnvVarsInLog = 0;
		};
		C91335E68741FA0305F30983 /* [CP] Embed Pods Frameworks */ = {
			isa = PBXShellScriptBuildPhase;
			buildActionMask = 2147483647;
			files = (
			);
			inputPaths = (
			);
			name = "[CP] Embed Pods Frameworks";
			outputPaths = (
			);
			runOnlyForDeploymentPostprocessing = 0;
			shellPath = /bin/sh;
			shellScript = "\"${SRCROOT}/Pods/Target Support Files/Pods-weatherhuntTests/Pods-weatherhuntTests-frameworks.sh\"\n";
			showEnvVarsInLog = 0;
		};
/* End PBXShellScriptBuildPhase section */

/* Begin PBXSourcesBuildPhase section */
		B5EFA4D51DF29FA700C313F9 /* Sources */ = {
			isa = PBXSourcesBuildPhase;
			buildActionMask = 2147483647;
			files = (
				B51DA4D81E05BD7200FE6255 /* DailyWeather.swift in Sources */,
				B51DA4D11E04900000FE6255 /* Forecast.swift in Sources */,
				B5EFA4DF1DF29FA700C313F9 /* ViewController.swift in Sources */,
				B5B2FBF41E14CFC60030875D /* LoadingSubview.swift in Sources */,
				B5EFA50B1DF2A65300C313F9 /* WeatherProxy.swift in Sources */,
				B509756A1E1841D00009C4A8 /* Reachability.swift in Sources */,
				B5B2FBF61E15ABD70030875D /* WeatherAnnotation.swift in Sources */,
				B55339951E16DBE0000FC2B6 /* InfoViewController.swift in Sources */,
				B58017891E1AFD99006C3279 /* Analytics.swift in Sources */,
				B557904C1E21AE7C00086DED /* WeatherAnnotationView.swift in Sources */,
				B5EFA4DD1DF29FA700C313F9 /* AppDelegate.swift in Sources */,
			);
			runOnlyForDeploymentPostprocessing = 0;
		};
		B5EFA4E91DF29FA800C313F9 /* Sources */ = {
			isa = PBXSourcesBuildPhase;
			buildActionMask = 2147483647;
			files = (
				B5B2FBF71E15ADCC0030875D /* WeatherAnnotation.swift in Sources */,
				B51D62E71E05C21B0076A089 /* DailyWeather.swift in Sources */,
				B51DA4D21E04900000FE6255 /* Forecast.swift in Sources */,
				B51DA4D41E0498BC00FE6255 /* ForecastTests.swift in Sources */,
				B5EFA4F21DF29FA800C313F9 /* weatherhuntTests.swift in Sources */,
				B51D63041E062D070076A089 /* WeatherAnnotationTests.swift in Sources */,
			);
			runOnlyForDeploymentPostprocessing = 0;
		};
		B5EFA4F41DF29FA800C313F9 /* Sources */ = {
			isa = PBXSourcesBuildPhase;
			buildActionMask = 2147483647;
			files = (
				B5EFA4FD1DF29FA800C313F9 /* weatherhuntUITests.swift in Sources */,
			);
			runOnlyForDeploymentPostprocessing = 0;
		};
/* End PBXSourcesBuildPhase section */

/* Begin PBXTargetDependency section */
		B5EFA4EF1DF29FA800C313F9 /* PBXTargetDependency */ = {
			isa = PBXTargetDependency;
			target = B5EFA4D81DF29FA700C313F9 /* weatherhunt */;
			targetProxy = B5EFA4EE1DF29FA800C313F9 /* PBXContainerItemProxy */;
		};
		B5EFA4FA1DF29FA800C313F9 /* PBXTargetDependency */ = {
			isa = PBXTargetDependency;
			target = B5EFA4D81DF29FA700C313F9 /* weatherhunt */;
			targetProxy = B5EFA4F91DF29FA800C313F9 /* PBXContainerItemProxy */;
		};
/* End PBXTargetDependency section */

/* Begin PBXVariantGroup section */
		B5EFA4E01DF29FA700C313F9 /* Main.storyboard */ = {
			isa = PBXVariantGroup;
			children = (
				B5EFA4E11DF29FA700C313F9 /* Base */,
			);
			name = Main.storyboard;
			sourceTree = "<group>";
		};
		B5EFA4E51DF29FA700C313F9 /* LaunchScreen.storyboard */ = {
			isa = PBXVariantGroup;
			children = (
				B5EFA4E61DF29FA700C313F9 /* Base */,
			);
			name = LaunchScreen.storyboard;
			sourceTree = "<group>";
		};
/* End PBXVariantGroup section */

/* Begin XCBuildConfiguration section */
		B5EFA4FF1DF29FA800C313F9 /* Debug */ = {
			isa = XCBuildConfiguration;
			buildSettings = {
				ALWAYS_SEARCH_USER_PATHS = NO;
				CLANG_ANALYZER_NONNULL = YES;
				CLANG_CXX_LANGUAGE_STANDARD = "gnu++0x";
				CLANG_CXX_LIBRARY = "libc++";
				CLANG_ENABLE_MODULES = YES;
				CLANG_ENABLE_OBJC_ARC = YES;
				CLANG_WARN_BOOL_CONVERSION = YES;
				CLANG_WARN_CONSTANT_CONVERSION = YES;
				CLANG_WARN_DIRECT_OBJC_ISA_USAGE = YES_ERROR;
				CLANG_WARN_DOCUMENTATION_COMMENTS = YES;
				CLANG_WARN_EMPTY_BODY = YES;
				CLANG_WARN_ENUM_CONVERSION = YES;
				CLANG_WARN_INFINITE_RECURSION = YES;
				CLANG_WARN_INT_CONVERSION = YES;
				CLANG_WARN_OBJC_ROOT_CLASS = YES_ERROR;
				CLANG_WARN_SUSPICIOUS_MOVE = YES;
				CLANG_WARN_SUSPICIOUS_MOVES = YES;
				CLANG_WARN_UNREACHABLE_CODE = YES;
				CLANG_WARN__DUPLICATE_METHOD_MATCH = YES;
				"CODE_SIGN_IDENTITY[sdk=iphoneos*]" = "iPhone Developer";
				COPY_PHASE_STRIP = NO;
				DEBUG_INFORMATION_FORMAT = dwarf;
				ENABLE_STRICT_OBJC_MSGSEND = YES;
				ENABLE_TESTABILITY = YES;
				GCC_C_LANGUAGE_STANDARD = gnu99;
				GCC_DYNAMIC_NO_PIC = NO;
				GCC_NO_COMMON_BLOCKS = YES;
				GCC_OPTIMIZATION_LEVEL = 0;
				GCC_PREPROCESSOR_DEFINITIONS = (
					"DEBUG=1",
					"$(inherited)",
				);
				GCC_WARN_64_TO_32_BIT_CONVERSION = YES;
				GCC_WARN_ABOUT_RETURN_TYPE = YES_ERROR;
				GCC_WARN_UNDECLARED_SELECTOR = YES;
				GCC_WARN_UNINITIALIZED_AUTOS = YES_AGGRESSIVE;
				GCC_WARN_UNUSED_FUNCTION = YES;
				GCC_WARN_UNUSED_VARIABLE = YES;
				IPHONEOS_DEPLOYMENT_TARGET = 9.0;
				MTL_ENABLE_DEBUG_INFO = YES;
				ONLY_ACTIVE_ARCH = YES;
				SDKROOT = iphoneos;
				SWIFT_ACTIVE_COMPILATION_CONDITIONS = DEBUG;
				SWIFT_OPTIMIZATION_LEVEL = "-Onone";
				TARGETED_DEVICE_FAMILY = "1,2";
			};
			name = Debug;
		};
		B5EFA5001DF29FA800C313F9 /* Release */ = {
			isa = XCBuildConfiguration;
			buildSettings = {
				ALWAYS_SEARCH_USER_PATHS = NO;
				CLANG_ANALYZER_NONNULL = YES;
				CLANG_CXX_LANGUAGE_STANDARD = "gnu++0x";
				CLANG_CXX_LIBRARY = "libc++";
				CLANG_ENABLE_MODULES = YES;
				CLANG_ENABLE_OBJC_ARC = YES;
				CLANG_WARN_BOOL_CONVERSION = YES;
				CLANG_WARN_CONSTANT_CONVERSION = YES;
				CLANG_WARN_DIRECT_OBJC_ISA_USAGE = YES_ERROR;
				CLANG_WARN_DOCUMENTATION_COMMENTS = YES;
				CLANG_WARN_EMPTY_BODY = YES;
				CLANG_WARN_ENUM_CONVERSION = YES;
				CLANG_WARN_INFINITE_RECURSION = YES;
				CLANG_WARN_INT_CONVERSION = YES;
				CLANG_WARN_OBJC_ROOT_CLASS = YES_ERROR;
				CLANG_WARN_SUSPICIOUS_MOVE = YES;
				CLANG_WARN_SUSPICIOUS_MOVES = YES;
				CLANG_WARN_UNREACHABLE_CODE = YES;
				CLANG_WARN__DUPLICATE_METHOD_MATCH = YES;
				"CODE_SIGN_IDENTITY[sdk=iphoneos*]" = "iPhone Developer";
				COPY_PHASE_STRIP = NO;
				DEBUG_INFORMATION_FORMAT = "dwarf-with-dsym";
				ENABLE_NS_ASSERTIONS = NO;
				ENABLE_STRICT_OBJC_MSGSEND = YES;
				GCC_C_LANGUAGE_STANDARD = gnu99;
				GCC_NO_COMMON_BLOCKS = YES;
				GCC_WARN_64_TO_32_BIT_CONVERSION = YES;
				GCC_WARN_ABOUT_RETURN_TYPE = YES_ERROR;
				GCC_WARN_UNDECLARED_SELECTOR = YES;
				GCC_WARN_UNINITIALIZED_AUTOS = YES_AGGRESSIVE;
				GCC_WARN_UNUSED_FUNCTION = YES;
				GCC_WARN_UNUSED_VARIABLE = YES;
				IPHONEOS_DEPLOYMENT_TARGET = 9.0;
				MTL_ENABLE_DEBUG_INFO = NO;
				SDKROOT = iphoneos;
				SWIFT_OPTIMIZATION_LEVEL = "-Owholemodule";
				TARGETED_DEVICE_FAMILY = "1,2";
				VALIDATE_PRODUCT = YES;
			};
			name = Release;
		};
		B5EFA5021DF29FA800C313F9 /* Debug */ = {
			isa = XCBuildConfiguration;
			baseConfigurationReference = 263525482BE5BBC7DC315288 /* Pods-weatherhunt.debug.xcconfig */;
			buildSettings = {
				ASSETCATALOG_COMPILER_APPICON_NAME = AppIcon;
				DEVELOPMENT_TEAM = WH8UR4YUC6;
				INFOPLIST_FILE = weatherhunt/Info.plist;
				LD_RUNPATH_SEARCH_PATHS = "$(inherited) @executable_path/Frameworks";
				PRODUCT_BUNDLE_IDENTIFIER = com.dannyvarner.WeatherHunt;
				PRODUCT_NAME = "$(TARGET_NAME)";
				SWIFT_OBJC_BRIDGING_HEADER = weatherhunt/BridgingHeader.h;
				SWIFT_VERSION = 3.0;
				TARGETED_DEVICE_FAMILY = "1,2";
			};
			name = Debug;
		};
		B5EFA5031DF29FA800C313F9 /* Release */ = {
			isa = XCBuildConfiguration;
			baseConfigurationReference = 19F96DEC8B4E6764224E183E /* Pods-weatherhunt.release.xcconfig */;
			buildSettings = {
				ASSETCATALOG_COMPILER_APPICON_NAME = AppIcon;
				DEVELOPMENT_TEAM = WH8UR4YUC6;
				INFOPLIST_FILE = weatherhunt/Info.plist;
				LD_RUNPATH_SEARCH_PATHS = "$(inherited) @executable_path/Frameworks";
				PRODUCT_BUNDLE_IDENTIFIER = com.dannyvarner.WeatherHunt;
				PRODUCT_NAME = "$(TARGET_NAME)";
				SWIFT_OBJC_BRIDGING_HEADER = weatherhunt/BridgingHeader.h;
				SWIFT_VERSION = 3.0;
				TARGETED_DEVICE_FAMILY = "1,2";
			};
			name = Release;
		};
		B5EFA5051DF29FA800C313F9 /* Debug */ = {
			isa = XCBuildConfiguration;
			baseConfigurationReference = 21FB9786E327610B2D9544B9 /* Pods-weatherhuntTests.debug.xcconfig */;
			buildSettings = {
				BUNDLE_LOADER = "$(TEST_HOST)";
				DEVELOPMENT_TEAM = WH8UR4YUC6;
				INFOPLIST_FILE = weatherhuntTests/Info.plist;
				LD_RUNPATH_SEARCH_PATHS = "$(inherited) @executable_path/Frameworks @loader_path/Frameworks";
				PRODUCT_BUNDLE_IDENTIFIER = hillcroft.weatherhuntTests;
				PRODUCT_NAME = "$(TARGET_NAME)";
				SWIFT_VERSION = 3.0;
				TEST_HOST = "$(BUILT_PRODUCTS_DIR)/weatherhunt.app/weatherhunt";
			};
			name = Debug;
		};
		B5EFA5061DF29FA800C313F9 /* Release */ = {
			isa = XCBuildConfiguration;
			baseConfigurationReference = 11583FAAE84A51D6EA4E141B /* Pods-weatherhuntTests.release.xcconfig */;
			buildSettings = {
				BUNDLE_LOADER = "$(TEST_HOST)";
				DEVELOPMENT_TEAM = WH8UR4YUC6;
				INFOPLIST_FILE = weatherhuntTests/Info.plist;
				LD_RUNPATH_SEARCH_PATHS = "$(inherited) @executable_path/Frameworks @loader_path/Frameworks";
				PRODUCT_BUNDLE_IDENTIFIER = hillcroft.weatherhuntTests;
				PRODUCT_NAME = "$(TARGET_NAME)";
				SWIFT_VERSION = 3.0;
				TEST_HOST = "$(BUILT_PRODUCTS_DIR)/weatherhunt.app/weatherhunt";
			};
			name = Release;
		};
		B5EFA5081DF29FA800C313F9 /* Debug */ = {
			isa = XCBuildConfiguration;
			baseConfigurationReference = 8022D91F013E21F936E02439 /* Pods-weatherhuntUITests.debug.xcconfig */;
			buildSettings = {
				DEVELOPMENT_TEAM = WH8UR4YUC6;
				INFOPLIST_FILE = weatherhuntUITests/Info.plist;
				LD_RUNPATH_SEARCH_PATHS = "$(inherited) @executable_path/Frameworks @loader_path/Frameworks";
				PRODUCT_BUNDLE_IDENTIFIER = hillcroft.weatherhuntUITests;
				PRODUCT_NAME = "$(TARGET_NAME)";
				SWIFT_VERSION = 3.0;
				TEST_TARGET_NAME = weatherhunt;
			};
			name = Debug;
		};
		B5EFA5091DF29FA800C313F9 /* Release */ = {
			isa = XCBuildConfiguration;
			baseConfigurationReference = 09A89783DC75F633F41C8E1E /* Pods-weatherhuntUITests.release.xcconfig */;
			buildSettings = {
				DEVELOPMENT_TEAM = WH8UR4YUC6;
				INFOPLIST_FILE = weatherhuntUITests/Info.plist;
				LD_RUNPATH_SEARCH_PATHS = "$(inherited) @executable_path/Frameworks @loader_path/Frameworks";
				PRODUCT_BUNDLE_IDENTIFIER = hillcroft.weatherhuntUITests;
				PRODUCT_NAME = "$(TARGET_NAME)";
				SWIFT_VERSION = 3.0;
				TEST_TARGET_NAME = weatherhunt;
			};
			name = Release;
		};
/* End XCBuildConfiguration section */

/* Begin XCConfigurationList section */
		B5EFA4D41DF29FA700C313F9 /* Build configuration list for PBXProject "weatherhunt" */ = {
			isa = XCConfigurationList;
			buildConfigurations = (
				B5EFA4FF1DF29FA800C313F9 /* Debug */,
				B5EFA5001DF29FA800C313F9 /* Release */,
			);
			defaultConfigurationIsVisible = 0;
			defaultConfigurationName = Release;
		};
		B5EFA5011DF29FA800C313F9 /* Build configuration list for PBXNativeTarget "weatherhunt" */ = {
			isa = XCConfigurationList;
			buildConfigurations = (
				B5EFA5021DF29FA800C313F9 /* Debug */,
				B5EFA5031DF29FA800C313F9 /* Release */,
			);
			defaultConfigurationIsVisible = 0;
			defaultConfigurationName = Release;
		};
		B5EFA5041DF29FA800C313F9 /* Build configuration list for PBXNativeTarget "weatherhuntTests" */ = {
			isa = XCConfigurationList;
			buildConfigurations = (
				B5EFA5051DF29FA800C313F9 /* Debug */,
				B5EFA5061DF29FA800C313F9 /* Release */,
			);
			defaultConfigurationIsVisible = 0;
			defaultConfigurationName = Release;
		};
		B5EFA5071DF29FA800C313F9 /* Build configuration list for PBXNativeTarget "weatherhuntUITests" */ = {
			isa = XCConfigurationList;
			buildConfigurations = (
				B5EFA5081DF29FA800C313F9 /* Debug */,
				B5EFA5091DF29FA800C313F9 /* Release */,
			);
			defaultConfigurationIsVisible = 0;
			defaultConfigurationName = Release;
		};
/* End XCConfigurationList section */
	};
	rootObject = B5EFA4D11DF29FA700C313F9 /* Project object */;
}
